{
  "name": "pomelo-kcp-x",
  "version": "0.1.8",
  "lockfileVersion": 1,
  "requires": true,
  "dependencies": {
    "nan": {
      "version": "2.10.0",
      "resolved": "https://registry.npmjs.org/nan/-/nan-2.10.0.tgz",
      "integrity": "sha512-bAdJv7fBLhWC+/Bls0Oza+mvTaNQtP+1RyhhhvD95pgUJz6XM5IzgmxOkItJ9tkoCiplvAnXI1tNmmUD/eScyA=="
    },
    "node-kcp-x": {
      "version": "0.1.1",
      "resolved": "https://registry.npmjs.org/node-kcp-x/-/node-kcp-x-0.1.1.tgz",
      "integrity": "sha512-DX83itIDvY34NC8yutipo3nUEylXUubTCyEK1JMTqsQiBrjgJY1Fyeme61booH+jccYLzEpvN7Nh0MwJDTW4ZA==",
      "requires": {
        "nan": "^2.4.0"
      }
    }
  }
}
